{
  "name": "cloudflare-workers",
  "version": "1.0.0",
  "lockfileVersion": 3,
  "requires": true,
  "packages": {
    "": {
      "name": "cloudflare-workers",
      "version": "1.0.0",
      "license": "ISC",
      "dependencies": {
        "worktop": "^0.7.3"
      },
      "devDependencies": {}
    },
    "node_modules/regexparam": {
      "version": "2.0.2",
      "resolved": "https://registry.npmjs.org/regexparam/-/regexparam-2.0.2.tgz",
      "integrity": "sha512-A1PeDEYMrkLrfyOwv2jwihXbo9qxdGD3atBYQA9JJgreAx8/7rC6IUkWOw2NQlOxLp2wL0ifQbh1HuidDfYA6w==",
      "engines": {
        "node": ">=8"
      }
    },
    "node_modules/worktop": {
      "version": "0.7.3",
      "resolved": "https://registry.npmjs.org/worktop/-/worktop-0.7.3.tgz",
      "integrity": "sha512-WBHP1hk8pLP7ahAw13fugDWcO0SUAOiCD6DHT/bfLWoCIA/PL9u7GKdudT2nGZ8EGR1APbGCAI6ZzKG1+X+PnQ==",
      "dependencies": {
        "regexparam": "^2.0.0"
      },
      "engines": {
        "node": ">=12"
      }
    }
  }
}
